
Microsoft Visual Studio Solution File, Format Version 12.00
# Visual Studio Version 17
VisualStudioVersion = 17.7.34031.279
MinimumVisualStudioVersion = 10.0.40219.1
Project("{FAE04EC0-301F-11D3-BF4B-00C04F79EFBC}") = "Assiginment-3", "Assiginment-3.csproj", "{6A8443C3-3F03-4813-A5CC-73EB82B7AEA3}"
EndProject
Project("{2150E333-8FDC-42A3-9474-1A3956D46DE8}") = "Solution Items", "Solution Items", "{6287F62A-B491-4B55-A672-36416AF28867}"
	ProjectSection(SolutionItems) = preProject
		.editorconfig = .editorconfig
	EndProjectSection
EndProject
Global
	GlobalSection(SolutionConfigurationPlatforms) = preSolution
		Debug|Any CPU = Debug|Any CPU
		Release|Any CPU = Release|Any CPU
	EndGlobalSection
	GlobalSection(ProjectConfigurationPlatforms) = postSolution
		{6A8443C3-3F03-4813-A5CC-73EB82B7AEA3}.Debug|Any CPU.ActiveCfg = Debug|Any CPU
		{6A8443C3-3F03-4813-A5CC-73EB82B7AEA3}.Debug|Any CPU.Build.0 = Debug|Any CPU
		{6A8443C3-3F03-4813-A5CC-73EB82B7AEA3}.Release|Any CPU.ActiveCfg = Release|Any CPU
		{6A8443C3-3F03-4813-A5CC-73EB82B7AEA3}.Release|Any CPU.Build.0 = Release|Any CPU
	EndGlobalSection
	GlobalSection(SolutionProperties) = preSolution
		HideSolutionNode = FALSE
	EndGlobalSection
	GlobalSection(ExtensibilityGlobals) = postSolution
		SolutionGuid = {89CB715B-5E90-4105-B889-36D54C22ABB4}
	EndGlobalSection
EndGlobal
